
Microsoft Visual Studio Solution File, Format Version 12.00
# Visual Studio 15
VisualStudioVersion = 15.0.27703.2042
MinimumVisualStudioVersion = 10.0.40219.1
Project("{8BC9CEB8-8B4A-11D0-8D11-00A0C91BC942}") = "LinkedList", "LinkedList\LinkedList.vcxproj", "{C5130E81-280B-4EA0-AF57-268DF9E56436}"
EndProject
Project("{8BC9CEB8-8B4A-11D0-8D11-00A0C91BC942}") = "Application", "Application\Application.vcxproj", "{A5CF579A-A72B-414C-AEDD-7386AB52DAA8}"
EndProject
Project("{8BC9CEB8-8B4A-11D0-8D11-00A0C91BC942}") = "Strings", "Strings\Strings.vcxproj", "{8B04220A-A96C-4B82-BE19-E41877ED0332}"
EndProject
Project("{8BC9CEB8-8B4A-11D0-8D11-00A0C91BC942}") = "Graph", "GraphMatrix\GraphMatrix.vcxproj", "{43C4E239-220E-4C55-A05B-0E116404FB09}"
EndProject
Project("{8BC9CEB8-8B4A-11D0-8D11-00A0C91BC942}") = "Trees", "Trees\Trees.vcxproj", "{0EDA6E86-30BF-4567-B4C3-946FB78ED251}"
EndProject
Project("{8BC9CEB8-8B4A-11D0-8D11-00A0C91BC942}") = "Stack", "Stack\Stack.vcxproj", "{EBBC186A-9002-416A-92B3-5B36647040EC}"
EndProject
Project("{8BC9CEB8-8B4A-11D0-8D11-00A0C91BC942}") = "Heap", "Heap\Heap.vcxproj", "{19F05527-B21D-455D-AC52-90E9D9F78367}"
EndProject
Project("{8BC9CEB8-8B4A-11D0-8D11-00A0C91BC942}") = "Searching", "Searching\Searching.vcxproj", "{689E279B-638B-4C2A-85E1-CC8E1127ADB0}"
EndProject
Project("{8BC9CEB8-8B4A-11D0-8D11-00A0C91BC942}") = "Sorting", "Sorting\Sorting.vcxproj", "{C7F4204E-2D9B-40FE-BDFA-592D92B71BA8}"
EndProject
Project("{8BC9CEB8-8B4A-11D0-8D11-00A0C91BC942}") = "Array", "Array\Array.vcxproj", "{0CDD1B9D-3C9F-4EDF-942E-8F571F6D9097}"
EndProject
Global
	GlobalSection(SolutionConfigurationPlatforms) = preSolution
		Debug|x64 = Debug|x64
		Debug|x86 = Debug|x86
		Release|x64 = Release|x64
		Release|x86 = Release|x86
	EndGlobalSection
	GlobalSection(ProjectConfigurationPlatforms) = postSolution
		{C5130E81-280B-4EA0-AF57-268DF9E56436}.Debug|x64.ActiveCfg = Debug|x64
		{C5130E81-280B-4EA0-AF57-268DF9E56436}.Debug|x64.Build.0 = Debug|x64
		{C5130E81-280B-4EA0-AF57-268DF9E56436}.Debug|x86.ActiveCfg = Debug|Win32
		{C5130E81-280B-4EA0-AF57-268DF9E56436}.Debug|x86.Build.0 = Debug|Win32
		{C5130E81-280B-4EA0-AF57-268DF9E56436}.Release|x64.ActiveCfg = Release|x64
		{C5130E81-280B-4EA0-AF57-268DF9E56436}.Release|x64.Build.0 = Release|x64
		{C5130E81-280B-4EA0-AF57-268DF9E56436}.Release|x86.ActiveCfg = Release|Win32
		{C5130E81-280B-4EA0-AF57-268DF9E56436}.Release|x86.Build.0 = Release|Win32
		{A5CF579A-A72B-414C-AEDD-7386AB52DAA8}.Debug|x64.ActiveCfg = Debug|x64
		{A5CF579A-A72B-414C-AEDD-7386AB52DAA8}.Debug|x64.Build.0 = Debug|x64
		{A5CF579A-A72B-414C-AEDD-7386AB52DAA8}.Debug|x86.ActiveCfg = Debug|Win32
		{A5CF579A-A72B-414C-AEDD-7386AB52DAA8}.Debug|x86.Build.0 = Debug|Win32
		{A5CF579A-A72B-414C-AEDD-7386AB52DAA8}.Release|x64.ActiveCfg = Release|x64
		{A5CF579A-A72B-414C-AEDD-7386AB52DAA8}.Release|x64.Build.0 = Release|x64
		{A5CF579A-A72B-414C-AEDD-7386AB52DAA8}.Release|x86.ActiveCfg = Release|Win32
		{A5CF579A-A72B-414C-AEDD-7386AB52DAA8}.Release|x86.Build.0 = Release|Win32
		{8B04220A-A96C-4B82-BE19-E41877ED0332}.Debug|x64.ActiveCfg = Debug|x64
		{8B04220A-A96C-4B82-BE19-E41877ED0332}.Debug|x64.Build.0 = Debug|x64
		{8B04220A-A96C-4B82-BE19-E41877ED0332}.Debug|x86.ActiveCfg = Debug|Win32
		{8B04220A-A96C-4B82-BE19-E41877ED0332}.Debug|x86.Build.0 = Debug|Win32
		{8B04220A-A96C-4B82-BE19-E41877ED0332}.Release|x64.ActiveCfg = Release|x64
		{8B04220A-A96C-4B82-BE19-E41877ED0332}.Release|x64.Build.0 = Release|x64
		{8B04220A-A96C-4B82-BE19-E41877ED0332}.Release|x86.ActiveCfg = Release|Win32
		{8B04220A-A96C-4B82-BE19-E41877ED0332}.Release|x86.Build.0 = Release|Win32
		{43C4E239-220E-4C55-A05B-0E116404FB09}.Debug|x64.ActiveCfg = Debug|x64
		{43C4E239-220E-4C55-A05B-0E116404FB09}.Debug|x64.Build.0 = Debug|x64
		{43C4E239-220E-4C55-A05B-0E116404FB09}.Debug|x86.ActiveCfg = Debug|Win32
		{43C4E239-220E-4C55-A05B-0E116404FB09}.Debug|x86.Build.0 = Debug|Win32
		{43C4E239-220E-4C55-A05B-0E116404FB09}.Release|x64.ActiveCfg = Release|x64
		{43C4E239-220E-4C55-A05B-0E116404FB09}.Release|x64.Build.0 = Release|x64
		{43C4E239-220E-4C55-A05B-0E116404FB09}.Release|x86.ActiveCfg = Release|Win32
		{43C4E239-220E-4C55-A05B-0E116404FB09}.Release|x86.Build.0 = Release|Win32
		{0EDA6E86-30BF-4567-B4C3-946FB78ED251}.Debug|x64.ActiveCfg = Debug|x64
		{0EDA6E86-30BF-4567-B4C3-946FB78ED251}.Debug|x64.Build.0 = Debug|x64
		{0EDA6E86-30BF-4567-B4C3-946FB78ED251}.Debug|x86.ActiveCfg = Debug|Win32
		{0EDA6E86-30BF-4567-B4C3-946FB78ED251}.Debug|x86.Build.0 = Debug|Win32
		{0EDA6E86-30BF-4567-B4C3-946FB78ED251}.Release|x64.ActiveCfg = Release|x64
		{0EDA6E86-30BF-4567-B4C3-946FB78ED251}.Release|x64.Build.0 = Release|x64
		{0EDA6E86-30BF-4567-B4C3-946FB78ED251}.Release|x86.ActiveCfg = Release|Win32
		{0EDA6E86-30BF-4567-B4C3-946FB78ED251}.Release|x86.Build.0 = Release|Win32
		{EBBC186A-9002-416A-92B3-5B36647040EC}.Debug|x64.ActiveCfg = Debug|x64
		{EBBC186A-9002-416A-92B3-5B36647040EC}.Debug|x64.Build.0 = Debug|x64
		{EBBC186A-9002-416A-92B3-5B36647040EC}.Debug|x86.ActiveCfg = Debug|Win32
		{EBBC186A-9002-416A-92B3-5B36647040EC}.Debug|x86.Build.0 = Debug|Win32
		{EBBC186A-9002-416A-92B3-5B36647040EC}.Release|x64.ActiveCfg = Release|x64
		{EBBC186A-9002-416A-92B3-5B36647040EC}.Release|x64.Build.0 = Release|x64
		{EBBC186A-9002-416A-92B3-5B36647040EC}.Release|x86.ActiveCfg = Release|Win32
		{EBBC186A-9002-416A-92B3-5B36647040EC}.Release|x86.Build.0 = Release|Win32
		{19F05527-B21D-455D-AC52-90E9D9F78367}.Debug|x64.ActiveCfg = Debug|x64
		{19F05527-B21D-455D-AC52-90E9D9F78367}.Debug|x64.Build.0 = Debug|x64
		{19F05527-B21D-455D-AC52-90E9D9F78367}.Debug|x86.ActiveCfg = Debug|Win32
		{19F05527-B21D-455D-AC52-90E9D9F78367}.Debug|x86.Build.0 = Debug|Win32
		{19F05527-B21D-455D-AC52-90E9D9F78367}.Release|x64.ActiveCfg = Release|x64
		{19F05527-B21D-455D-AC52-90E9D9F78367}.Release|x64.Build.0 = Release|x64
		{19F05527-B21D-455D-AC52-90E9D9F78367}.Release|x86.ActiveCfg = Release|Win32
		{19F05527-B21D-455D-AC52-90E9D9F78367}.Release|x86.Build.0 = Release|Win32
		{689E279B-638B-4C2A-85E1-CC8E1127ADB0}.Debug|x64.ActiveCfg = Debug|x64
		{689E279B-638B-4C2A-85E1-CC8E1127ADB0}.Debug|x64.Build.0 = Debug|x64
		{689E279B-638B-4C2A-85E1-CC8E1127ADB0}.Debug|x86.ActiveCfg = Debug|Win32
		{689E279B-638B-4C2A-85E1-CC8E1127ADB0}.Debug|x86.Build.0 = Debug|Win32
		{689E279B-638B-4C2A-85E1-CC8E1127ADB0}.Release|x64.ActiveCfg = Release|x64
		{689E279B-638B-4C2A-85E1-CC8E1127ADB0}.Release|x64.Build.0 = Release|x64
		{689E279B-638B-4C2A-85E1-CC8E1127ADB0}.Release|x86.ActiveCfg = Release|Win32
		{689E279B-638B-4C2A-85E1-CC8E1127ADB0}.Release|x86.Build.0 = Release|Win32
		{C7F4204E-2D9B-40FE-BDFA-592D92B71BA8}.Debug|x64.ActiveCfg = Debug|x64
		{C7F4204E-2D9B-40FE-BDFA-592D92B71BA8}.Debug|x64.Build.0 = Debug|x64
		{C7F4204E-2D9B-40FE-BDFA-592D92B71BA8}.Debug|x86.ActiveCfg = Debug|Win32
		{C7F4204E-2D9B-40FE-BDFA-592D92B71BA8}.Debug|x86.Build.0 = Debug|Win32
		{C7F4204E-2D9B-40FE-BDFA-592D92B71BA8}.Release|x64.ActiveCfg = Release|x64
		{C7F4204E-2D9B-40FE-BDFA-592D92B71BA8}.Release|x64.Build.0 = Release|x64
		{C7F4204E-2D9B-40FE-BDFA-592D92B71BA8}.Release|x86.ActiveCfg = Release|Win32
		{C7F4204E-2D9B-40FE-BDFA-592D92B71BA8}.Release|x86.Build.0 = Release|Win32
		{0CDD1B9D-3C9F-4EDF-942E-8F571F6D9097}.Debug|x64.ActiveCfg = Debug|x64
		{0CDD1B9D-3C9F-4EDF-942E-8F571F6D9097}.Debug|x64.Build.0 = Debug|x64
		{0CDD1B9D-3C9F-4EDF-942E-8F571F6D9097}.Debug|x86.ActiveCfg = Debug|Win32
		{0CDD1B9D-3C9F-4EDF-942E-8F571F6D9097}.Debug|x86.Build.0 = Debug|Win32
		{0CDD1B9D-3C9F-4EDF-942E-8F571F6D9097}.Release|x64.ActiveCfg = Release|x64
		{0CDD1B9D-3C9F-4EDF-942E-8F571F6D9097}.Release|x64.Build.0 = Release|x64
		{0CDD1B9D-3C9F-4EDF-942E-8F571F6D9097}.Release|x86.ActiveCfg = Release|Win32
		{0CDD1B9D-3C9F-4EDF-942E-8F571F6D9097}.Release|x86.Build.0 = Release|Win32
	EndGlobalSection
	GlobalSection(SolutionProperties) = preSolution
		HideSolutionNode = FALSE
	EndGlobalSection
	GlobalSection(ExtensibilityGlobals) = postSolution
		SolutionGuid = {E82CE834-BD97-4769-BDC9-16C643171538}
	EndGlobalSection
EndGlobal
