
Microsoft Visual Studio Solution File, Format Version 12.00
# Visual Studio 15
VisualStudioVersion = 15.0.27703.2042
MinimumVisualStudioVersion = 10.0.40219.1
Project("{8BC9CEB8-8B4A-11D0-8D11-00A0C91BC942}") = "LinkedList", "LinkedList\LinkedList.vcxproj", "{C5130E81-280B-4EA0-AF57-268DF9E56436}"
EndProject
Project("{8BC9CEB8-8B4A-11D0-8D11-00A0C91BC942}") = "Application", "Application\Application.vcxproj", "{A5CF579A-A72B-414C-AEDD-7386AB52DAA8}"
EndProject
Project("{8BC9CEB8-8B4A-11D0-8D11-00A0C91BC942}") = "Strings", "Strings\Strings.vcxproj", "{8B04220A-A96C-4B82-BE19-E41877ED0332}"
EndProject
Global
	GlobalSection(SolutionConfigurationPlatforms) = preSolution
		Debug|x64 = Debug|x64
		Debug|x86 = Debug|x86
		Release|x64 = Release|x64
		Release|x86 = Release|x86
	EndGlobalSection
	GlobalSection(ProjectConfigurationPlatforms) = postSolution
		{C5130E81-280B-4EA0-AF57-268DF9E56436}.Debug|x64.ActiveCfg = Debug|x64
		{C5130E81-280B-4EA0-AF57-268DF9E56436}.Debug|x64.Build.0 = Debug|x64
		{C5130E81-280B-4EA0-AF57-268DF9E56436}.Debug|x86.ActiveCfg = Debug|Win32
		{C5130E81-280B-4EA0-AF57-268DF9E56436}.Debug|x86.Build.0 = Debug|Win32
		{C5130E81-280B-4EA0-AF57-268DF9E56436}.Release|x64.ActiveCfg = Release|x64
		{C5130E81-280B-4EA0-AF57-268DF9E56436}.Release|x64.Build.0 = Release|x64
		{C5130E81-280B-4EA0-AF57-268DF9E56436}.Release|x86.ActiveCfg = Release|Win32
		{C5130E81-280B-4EA0-AF57-268DF9E56436}.Release|x86.Build.0 = Release|Win32
		{A5CF579A-A72B-414C-AEDD-7386AB52DAA8}.Debug|x64.ActiveCfg = Debug|x64
		{A5CF579A-A72B-414C-AEDD-7386AB52DAA8}.Debug|x64.Build.0 = Debug|x64
		{A5CF579A-A72B-414C-AEDD-7386AB52DAA8}.Debug|x86.ActiveCfg = Debug|Win32
		{A5CF579A-A72B-414C-AEDD-7386AB52DAA8}.Debug|x86.Build.0 = Debug|Win32
		{A5CF579A-A72B-414C-AEDD-7386AB52DAA8}.Release|x64.ActiveCfg = Release|x64
		{A5CF579A-A72B-414C-AEDD-7386AB52DAA8}.Release|x64.Build.0 = Release|x64
		{A5CF579A-A72B-414C-AEDD-7386AB52DAA8}.Release|x86.ActiveCfg = Release|Win32
		{A5CF579A-A72B-414C-AEDD-7386AB52DAA8}.Release|x86.Build.0 = Release|Win32
		{8B04220A-A96C-4B82-BE19-E41877ED0332}.Debug|x64.ActiveCfg = Debug|x64
		{8B04220A-A96C-4B82-BE19-E41877ED0332}.Debug|x64.Build.0 = Debug|x64
		{8B04220A-A96C-4B82-BE19-E41877ED0332}.Debug|x86.ActiveCfg = Debug|Win32
		{8B04220A-A96C-4B82-BE19-E41877ED0332}.Debug|x86.Build.0 = Debug|Win32
		{8B04220A-A96C-4B82-BE19-E41877ED0332}.Release|x64.ActiveCfg = Release|x64
		{8B04220A-A96C-4B82-BE19-E41877ED0332}.Release|x64.Build.0 = Release|x64
		{8B04220A-A96C-4B82-BE19-E41877ED0332}.Release|x86.ActiveCfg = Release|Win32
		{8B04220A-A96C-4B82-BE19-E41877ED0332}.Release|x86.Build.0 = Release|Win32
	EndGlobalSection
	GlobalSection(SolutionProperties) = preSolution
		HideSolutionNode = FALSE
	EndGlobalSection
	GlobalSection(ExtensibilityGlobals) = postSolution
		SolutionGuid = {E82CE834-BD97-4769-BDC9-16C643171538}
	EndGlobalSection
EndGlobal
